
Microsoft Visual Studio Solution File, Format Version 12.00
# Visual Studio Version 17
VisualStudioVersion = 17.4.33122.133
MinimumVisualStudioVersion = 10.0.40219.1
Project("{FAE04EC0-301F-11D3-BF4B-00C04F79EFBC}") = "Projeto Login", "Projeto Login.csproj", "{9A59E4E6-5748-423B-A918-5A9B9FD88878}"
EndProject
Global
	GlobalSection(SolutionConfigurationPlatforms) = preSolution
		Debug|Any CPU = Debug|Any CPU
		Release|Any CPU = Release|Any CPU
	EndGlobalSection
	GlobalSection(ProjectConfigurationPlatforms) = postSolution
		{9A59E4E6-5748-423B-A918-5A9B9FD88878}.Debug|Any CPU.ActiveCfg = Debug|Any CPU
		{9A59E4E6-5748-423B-A918-5A9B9FD88878}.Debug|Any CPU.Build.0 = Debug|Any CPU
		{9A59E4E6-5748-423B-A918-5A9B9FD88878}.Release|Any CPU.ActiveCfg = Release|Any CPU
		{9A59E4E6-5748-423B-A918-5A9B9FD88878}.Release|Any CPU.Build.0 = Release|Any CPU
	EndGlobalSection
	GlobalSection(SolutionProperties) = preSolution
		HideSolutionNode = FALSE
	EndGlobalSection
	GlobalSection(ExtensibilityGlobals) = postSolution
		SolutionGuid = {62A25EC3-492E-47B5-89DA-5287AD3955D0}
	EndGlobalSection
EndGlobal
